
Microsoft Visual Studio Solution File, Format Version 12.00
# Visual Studio 15
VisualStudioVersion = 15.0.26730.3
MinimumVisualStudioVersion = 10.0.40219.1
Project("{FAE04EC0-301F-11D3-BF4B-00C04F79EFBC}") = "GraphParsing", "GraphParsing\GraphParsing.csproj", "{AD23B8C5-7907-4C53-B425-11F7128940BB}"
EndProject
Project("{FAE04EC0-301F-11D3-BF4B-00C04F79EFBC}") = "GraphParsingTests", "GraphParsingTests\GraphParsingTests.csproj", "{EAC6DA51-5003-463A-AAA0-B328D50BAEFF}"
EndProject
Global
	GlobalSection(SolutionConfigurationPlatforms) = preSolution
		Debug|Any CPU = Debug|Any CPU
		Release|Any CPU = Release|Any CPU
	EndGlobalSection
	GlobalSection(ProjectConfigurationPlatforms) = postSolution
		{AD23B8C5-7907-4C53-B425-11F7128940BB}.Debug|Any CPU.ActiveCfg = Debug|Any CPU
		{AD23B8C5-7907-4C53-B425-11F7128940BB}.Debug|Any CPU.Build.0 = Debug|Any CPU
		{AD23B8C5-7907-4C53-B425-11F7128940BB}.Release|Any CPU.ActiveCfg = Release|Any CPU
		{AD23B8C5-7907-4C53-B425-11F7128940BB}.Release|Any CPU.Build.0 = Release|Any CPU
		{EAC6DA51-5003-463A-AAA0-B328D50BAEFF}.Debug|Any CPU.ActiveCfg = Debug|Any CPU
		{EAC6DA51-5003-463A-AAA0-B328D50BAEFF}.Debug|Any CPU.Build.0 = Debug|Any CPU
		{EAC6DA51-5003-463A-AAA0-B328D50BAEFF}.Release|Any CPU.ActiveCfg = Release|Any CPU
		{EAC6DA51-5003-463A-AAA0-B328D50BAEFF}.Release|Any CPU.Build.0 = Release|Any CPU
	EndGlobalSection
	GlobalSection(SolutionProperties) = preSolution
		HideSolutionNode = FALSE
	EndGlobalSection
	GlobalSection(ExtensibilityGlobals) = postSolution
		SolutionGuid = {FC1A470C-626E-416C-91E4-BCE56DBFA921}
	EndGlobalSection
EndGlobal
